<Project xmlns="http://schemas.microsoft.com/developer/msbuild/2003">
    <PropertyGroup>
        <ProjectGuid>{9E8A4E2C-2F62-4264-840C-8DB9565ACB5D}</ProjectGuid>
        <MainSource>ASPDemoClient.dpr</MainSource>
        <Base>True</Base>
        <Config Condition="'$(Config)'==''">Debug</Config>
        <ProjectName Condition="'$(ProjectName)'==''">ASPDemoClient</ProjectName>
        <TargetedPlatforms>1</TargetedPlatforms>
        <AppType>Application</AppType>
        <FrameworkType>VCL</FrameworkType>
        <ProjectVersion>20.4</ProjectVersion>
        <Platform Condition="'$(Platform)'==''">Win32</Platform>
    </PropertyGroup>
    <PropertyGroup Condition="'$(Config)'=='Base' or '$(Base)'!=''">
        <Base>true</Base>
    </PropertyGroup>
    <PropertyGroup Condition="('$(Platform)'=='Win32' and '$(Base)'=='true') or '$(Base_Win32)'!=''">
        <Base_Win32>true</Base_Win32>
        <CfgParent>Base</CfgParent>
        <Base>true</Base>
    </PropertyGroup>
    <PropertyGroup Condition="('$(Platform)'=='Win64' and '$(Base)'=='true') or '$(Base_Win64)'!=''">
        <Base_Win64>true</Base_Win64>
        <CfgParent>Base</CfgParent>
        <Base>true</Base>
    </PropertyGroup>
    <PropertyGroup Condition="'$(Config)'=='Release' or '$(Cfg_1)'!=''">
        <Cfg_1>true</Cfg_1>
        <CfgParent>Base</CfgParent>
        <Base>true</Base>
    </PropertyGroup>
    <PropertyGroup Condition="('$(Platform)'=='Win32' and '$(Cfg_1)'=='true') or '$(Cfg_1_Win32)'!=''">
        <Cfg_1_Win32>true</Cfg_1_Win32>
        <CfgParent>Cfg_1</CfgParent>
        <Cfg_1>true</Cfg_1>
        <Base>true</Base>
    </PropertyGroup>
    <PropertyGroup Condition="'$(Config)'=='Debug' or '$(Cfg_2)'!=''">
        <Cfg_2>true</Cfg_2>
        <CfgParent>Base</CfgParent>
        <Base>true</Base>
    </PropertyGroup>
    <PropertyGroup Condition="('$(Platform)'=='Win32' and '$(Cfg_2)'=='true') or '$(Cfg_2_Win32)'!=''">
        <Cfg_2_Win32>true</Cfg_2_Win32>
        <CfgParent>Cfg_2</CfgParent>
        <Cfg_2>true</Cfg_2>
        <Base>true</Base>
    </PropertyGroup>
    <PropertyGroup Condition="'$(Base)'!=''">
        <DCC_UnitSearchPath>..\..\..\..\Source\Common\ConnectionHandlesCOM;..\..\..\..\Source\Common\ConnectionCOM;..\..\..\..\Source\Common\SOAP;..\..\..\..\Source\Persistence\HTTP;..\..\..\..\Source\Persistence\SOAP;..\..\..\..\Source\BoldAwareGUI\BoldControls;..\..\..\..\Source\BoldAwareGUI\ControlPacks;..\..\..\..\Source\BoldAwareGUI\Core;..\..\..\..\Source\BoldAwareGUI\FormGen;..\..\..\..\Source\BoldAwareGUI\IDE;..\..\..\..\Source\Common\COM;..\..\..\..\Source\Common\Connection;..\..\..\..\Source\Common\ConnectionHandles;..\..\..\..\Source\Common\Core;..\..\..\..\Source\Common\Environment;..\..\..\..\Source\Common\HTTP;..\..\..\..\Source\Common\IDE;..\..\..\..\Source\Common\Include;..\..\..\..\Source\Common\Logging;..\..\..\..\Source\Common\MSXML;..\..\..\..\Source\Common\Queue;..\..\..\..\Source\Common\Stubs;..\..\..\..\Source\Common\Subscription;..\..\..\..\Source\Common\Support;..\..\..\..\Source\Common\SupportWin;..\..\..\..\Source\Common\TaggedValues;..\..\..\..\Source\Common\Template;..\..\..\..\Source\Common\UML;..\..\..\..\Source\Common\UtilsGUI;..\..\..\..\Source\ConcurrencyControl\Common;..\..\..\..\Source\FreestandingValueSpace\Core;..\..\..\..\Source\Handles\Actions;..\..\..\..\Source\Handles\COM;..\..\..\..\Source\Handles\Core;..\..\..\..\Source\Handles\IDE;..\..\..\..\Source\Handles\Manipulators;..\..\..\..\Source\Handles\PessimisticLocking;..\..\..\..\Source\Handles\UnLoader;..\..\..\..\Source\Handles\XML;..\..\..\..\Source\MoldModel\Bld;..\..\..\..\Source\MoldModel\CodeGenerator;..\..\..\..\Source\MoldModel\Core;..\..\..\..\Source\MoldModel\Handles;..\..\..\..\Source\MoldModel\IDE;..\..\..\..\Source\MoldModel\TypeNameDictionary;..\..\..\..\Source\MoldModel\UtilsGUI;..\..\..\..\Source\ObjectSpace\BORepresentation;..\..\..\..\Source\ObjectSpace\COM;..\..\..\..\Source\ObjectSpace\Core;..\..\..\..\Source\ObjectSpace\IDE;..\..\..\..\Source\ObjectSpace\Interfaces;..\..\..\..\Source\ObjectSpace\Ocl;..\..\..\..\Source\ObjectSpace\PessimisticLocking;..\..\..\..\Source\ObjectSpace\RTModel;..\..\..\..\Source\ObjectSpace\Undo;..\..\..\..\Source\ObjectSpace\Unloader;..\..\..\..\Source\ObjectSpace\UtilsGUI;..\..\..\..\Source\Persistence\COM;..\..\..\..\Source\Persistence\Core;..\..\..\..\Source\Persistence\DB;..\..\..\..\Source\Persistence\ExternalPersistence;..\..\..\..\Source\Persistence\File;..\..\..\..\Source\Persistence\FireDAC;..\..\..\..\Source\Persistence\IDE;..\..\..\..\Source\Persistence\ObjectUpgrading;..\..\..\..\Source\Persistence\Propagation;..\..\..\..\Source\Persistence\System;..\..\..\..\Source\Persistence\UniDAC;..\..\..\..\Source\PMapper\Core;..\..\..\..\Source\PMapper\DBEvolutor;..\..\..\..\Source\PMapper\Default;..\..\..\..\Source\PMapper\SQL;..\..\..\..\Source\PMapper\Validator;..\..\..\..\Source\Propagator\Common;..\..\..\..\Source\UMLModel\Core;..\..\..\..\Source\UMLModel\Editor;..\..\..\..\Source\UMLModel\Handles;..\..\..\..\Source\UMLModel\IDE;..\..\..\..\Source\UMLModel\ModelLinks\Core;..\..\..\..\Source\UMLModel\Plugins;..\..\..\..\Source\ValueSpace\Condition;..\..\..\..\Source\ValueSpace\ExternalEvents;..\..\..\..\Source\ValueSpace\Id;..\..\..\..\Source\ValueSpace\Interfaces;..\..\..\..\Source\ValueSpace\XMLStreaming;..\Common;$(DCC_UnitSearchPath)</DCC_UnitSearchPath>
        <DCC_E>false</DCC_E>
        <DCC_F>false</DCC_F>
        <DCC_K>false</DCC_K>
        <DCC_N>false</DCC_N>
        <DCC_S>false</DCC_S>
        <DCC_ImageBase>00400000</DCC_ImageBase>
        <SanitizedProjectName>ASPDemoClient</SanitizedProjectName>
        <DCC_Namespace>Vcl;Vcl.Imaging;Vcl.Touch;Vcl.Samples;Vcl.Shell;System;Xml;Data;Datasnap;Web;Soap;Winapi;$(DCC_Namespace)</DCC_Namespace>
        <VerInfo_Locale>1035</VerInfo_Locale>
        <VerInfo_Keys>CompanyName=;FileDescription=;FileVersion=1.0.0.0;InternalName=;LegalCopyright=;LegalTrademarks=;OriginalFilename=;ProductName=;ProductVersion=1.0.0.0;Comments=;CFBundleName=</VerInfo_Keys>
    </PropertyGroup>
    <PropertyGroup Condition="'$(Base_Win32)'!=''">
        <DCC_Namespace>System.Win;Data.Win;Datasnap.Win;Web.Win;Soap.Win;Xml.Win;Bde;$(DCC_Namespace)</DCC_Namespace>
        <BT_BuildType>Debug</BT_BuildType>
        <VerInfo_IncludeVerInfo>true</VerInfo_IncludeVerInfo>
        <VerInfo_Keys>CompanyName=;FileDescription=$(MSBuildProjectName);FileVersion=1.0.0.0;InternalName=;LegalCopyright=;LegalTrademarks=;OriginalFilename=;ProgramID=com.embarcadero.$(MSBuildProjectName);ProductName=$(MSBuildProjectName);ProductVersion=1.0.0.0;Comments=</VerInfo_Keys>
        <VerInfo_Locale>1033</VerInfo_Locale>
        <Manifest_File>$(BDS)\bin\default_app.manifest</Manifest_File>
        <Icon_MainIcon>ASPDemoClient_Icon.ico</Icon_MainIcon>
        <UWP_DelphiLogo44>$(BDS)\bin\Artwork\Windows\UWP\delphi_UwpDefault_44.png</UWP_DelphiLogo44>
        <UWP_DelphiLogo150>$(BDS)\bin\Artwork\Windows\UWP\delphi_UwpDefault_150.png</UWP_DelphiLogo150>
    </PropertyGroup>
    <PropertyGroup Condition="'$(Base_Win64)'!=''">
        <Icon_MainIcon>ASPDemoClient_Icon.ico</Icon_MainIcon>
        <UWP_DelphiLogo44>$(BDS)\bin\Artwork\Windows\UWP\delphi_UwpDefault_44.png</UWP_DelphiLogo44>
        <UWP_DelphiLogo150>$(BDS)\bin\Artwork\Windows\UWP\delphi_UwpDefault_150.png</UWP_DelphiLogo150>
    </PropertyGroup>
    <PropertyGroup Condition="'$(Cfg_1)'!=''">
        <DCC_Define>RELEASE;$(DCC_Define)</DCC_Define>
        <DCC_DebugInformation>0</DCC_DebugInformation>
        <DCC_LocalDebugSymbols>false</DCC_LocalDebugSymbols>
        <DCC_SymbolReferenceInfo>0</DCC_SymbolReferenceInfo>
    </PropertyGroup>
    <PropertyGroup Condition="'$(Cfg_1_Win32)'!=''">
        <AppDPIAwarenessMode>PerMonitorV2</AppDPIAwarenessMode>
    </PropertyGroup>
    <PropertyGroup Condition="'$(Cfg_2)'!=''">
        <DCC_Define>DEBUG;$(DCC_Define)</DCC_Define>
        <DCC_Optimize>false</DCC_Optimize>
        <DCC_GenerateStackFrames>true</DCC_GenerateStackFrames>
        <DCC_RangeChecking>true</DCC_RangeChecking>
        <DCC_IntegerOverflowCheck>true</DCC_IntegerOverflowCheck>
    </PropertyGroup>
    <PropertyGroup Condition="'$(Cfg_2_Win32)'!=''">
        <AppDPIAwarenessMode>PerMonitorV2</AppDPIAwarenessMode>
    </PropertyGroup>
    <ItemGroup>
        <DelphiCompile Include="$(MainSource)">
            <MainSource>MainSource</MainSource>
        </DelphiCompile>
        <DCCReference Include="ClientMainForm.pas">
            <Form>Form1</Form>
        </DCCReference>
        <DCCReference Include="ClientDM.pas">
            <Form>dmClient</Form>
            <DesignClass>TDataModule</DesignClass>
        </DCCReference>
        <DCCReference Include="..\Common\ModelDM.pas">
            <Form>dmModel</Form>
            <DesignClass>TDataModule</DesignClass>
        </DCCReference>
        <BuildConfiguration Include="Base">
            <Key>Base</Key>
        </BuildConfiguration>
        <BuildConfiguration Include="Release">
            <Key>Cfg_1</Key>
            <CfgParent>Base</CfgParent>
        </BuildConfiguration>
        <BuildConfiguration Include="Debug">
            <Key>Cfg_2</Key>
            <CfgParent>Base</CfgParent>
        </BuildConfiguration>
    </ItemGroup>
    <ProjectExtensions>
        <Borland.Personality>Delphi.Personality.12</Borland.Personality>
        <Borland.ProjectType/>
        <BorlandProject>
            <Delphi.Personality>
                <Source>
                    <Source Name="MainSource">ASPDemoClient.dpr</Source>
                </Source>
            </Delphi.Personality>
            <Platforms>
                <Platform value="Win32">True</Platform>
                <Platform value="Win64">False</Platform>
            </Platforms>
        </BorlandProject>
        <ProjectFileVersion>12</ProjectFileVersion>
    </ProjectExtensions>
    <Import Project="$(BDS)\Bin\CodeGear.Delphi.Targets" Condition="Exists('$(BDS)\Bin\CodeGear.Delphi.Targets')"/>
    <Import Project="$(APPDATA)\Embarcadero\$(BDSAPPDATABASEDIR)\$(PRODUCTVERSION)\UserTools.proj" Condition="Exists('$(APPDATA)\Embarcadero\$(BDSAPPDATABASEDIR)\$(PRODUCTVERSION)\UserTools.proj')"/>
</Project>
